// !$*UTF8*$!
{
	archiveVersion = 1;
	classes = {
	};
	objectVersion = 46;
	objects = {

/* Begin PBXBuildFile section */
		C828990F1C234089006D7AF1 /* MapViewController.swift in Sources */ = {isa = PBXBuildFile; fileRef = C828990E1C234089006D7AF1 /* MapViewController.swift */; };
		C82899181C2350FE006D7AF1 /* CustomNavigationController.swift in Sources */ = {isa = PBXBuildFile; fileRef = C82899171C2350FE006D7AF1 /* CustomNavigationController.swift */; };
		C866A3371CB8598B00C47C22 /* LaunchScreen-DallasJCC.storyboard in Resources */ = {isa = PBXBuildFile; fileRef = C866A3351CB8598B00C47C22 /* LaunchScreen-DallasJCC.storyboard */; };
		C86E99211C1BC55D00B08843 /* AppDelegate.swift in Sources */ = {isa = PBXBuildFile; fileRef = C86E99201C1BC55D00B08843 /* AppDelegate.swift */; };
		C86E99261C1BC55D00B08843 /* Main.storyboard in Resources */ = {isa = PBXBuildFile; fileRef = C86E99241C1BC55D00B08843 /* Main.storyboard */; };
		C86E99281C1BC55D00B08843 /* Assets.xcassets in Resources */ = {isa = PBXBuildFile; fileRef = C86E99271C1BC55D00B08843 /* Assets.xcassets */; };
		C86E992B1C1BC55D00B08843 /* LaunchScreen-TBAM.storyboard in Resources */ = {isa = PBXBuildFile; fileRef = C86E99291C1BC55D00B08843 /* LaunchScreen-TBAM.storyboard */; };
		C86E99361C1BC55D00B08843 /* TBAMTests.swift in Sources */ = {isa = PBXBuildFile; fileRef = C86E99351C1BC55D00B08843 /* TBAMTests.swift */; };
		C86E99411C1BC55D00B08843 /* TBAMUITests.swift in Sources */ = {isa = PBXBuildFile; fileRef = C86E99401C1BC55D00B08843 /* TBAMUITests.swift */; };
		C86E994F1C1BC74600B08843 /* HomeMenuCollectionViewCell.swift in Sources */ = {isa = PBXBuildFile; fileRef = C86E994E1C1BC74600B08843 /* HomeMenuCollectionViewCell.swift */; };
		C86E99511C1BC7E500B08843 /* HomeMenuItem.swift in Sources */ = {isa = PBXBuildFile; fileRef = C86E99501C1BC7E500B08843 /* HomeMenuItem.swift */; };
		C86E99531C1BC86400B08843 /* HomeViewController.swift in Sources */ = {isa = PBXBuildFile; fileRef = C86E99521C1BC86400B08843 /* HomeViewController.swift */; };
		C86E99551C1BCDC600B08843 /* WebViewController.swift in Sources */ = {isa = PBXBuildFile; fileRef = C86E99541C1BCDC600B08843 /* WebViewController.swift */; };
		C8A95B141C232070007AC9AB /* CustomConfig.swift in Sources */ = {isa = PBXBuildFile; fileRef = C8A95B131C232070007AC9AB /* CustomConfig.swift */; };
		C8A95B161C2325DA007AC9AB /* SubmenuViewController.swift in Sources */ = {isa = PBXBuildFile; fileRef = C8A95B151C2325DA007AC9AB /* SubmenuViewController.swift */; };
		C8A95B181C232C40007AC9AB /* CustomViewController.swift in Sources */ = {isa = PBXBuildFile; fileRef = C8A95B171C232C40007AC9AB /* CustomViewController.swift */; };
/* End PBXBuildFile section */

/* Begin PBXContainerItemProxy section */
		C86E99321C1BC55D00B08843 /* PBXContainerItemProxy */ = {
			isa = PBXContainerItemProxy;
			containerPortal = C86E99151C1BC55D00B08843 /* Project object */;
			proxyType = 1;
			remoteGlobalIDString = C86E991C1C1BC55D00B08843;
			remoteInfo = TBAM;
		};
		C86E993D1C1BC55D00B08843 /* PBXContainerItemProxy */ = {
			isa = PBXContainerItemProxy;
			containerPortal = C86E99151C1BC55D00B08843 /* Project object */;
			proxyType = 1;
			remoteGlobalIDString = C86E991C1C1BC55D00B08843;
			remoteInfo = TBAM;
		};
/* End PBXContainerItemProxy section */

/* Begin PBXFileReference section */
		C828990E1C234089006D7AF1 /* MapViewController.swift */ = {isa = PBXFileReference; fileEncoding = 4; lastKnownFileType = sourcecode.swift; path = MapViewController.swift; sourceTree = "<group>"; };
		C82899171C2350FE006D7AF1 /* CustomNavigationController.swift */ = {isa = PBXFileReference; fileEncoding = 4; lastKnownFileType = sourcecode.swift; path = CustomNavigationController.swift; sourceTree = "<group>"; };
		C866A3361CB8598B00C47C22 /* Base */ = {isa = PBXFileReference; lastKnownFileType = file.storyboard; name = Base; path = "Base.lproj/LaunchScreen-DallasJCC.storyboard"; sourceTree = "<group>"; };
		C86E991D1C1BC55D00B08843 /* TBAM.app */ = {isa = PBXFileReference; explicitFileType = wrapper.application; includeInIndex = 0; path = TBAM.app; sourceTree = BUILT_PRODUCTS_DIR; };
		C86E99201C1BC55D00B08843 /* AppDelegate.swift */ = {isa = PBXFileReference; lastKnownFileType = sourcecode.swift; path = AppDelegate.swift; sourceTree = "<group>"; };
		C86E99251C1BC55D00B08843 /* Base */ = {isa = PBXFileReference; lastKnownFileType = file.storyboard; name = Base; path = Base.lproj/Main.storyboard; sourceTree = "<group>"; };
		C86E99271C1BC55D00B08843 /* Assets.xcassets */ = {isa = PBXFileReference; lastKnownFileType = folder.assetcatalog; path = Assets.xcassets; sourceTree = "<group>"; };
		C86E992A1C1BC55D00B08843 /* Base */ = {isa = PBXFileReference; lastKnownFileType = file.storyboard; name = Base; path = "Base.lproj/LaunchScreen-TBAM.storyboard"; sourceTree = "<group>"; };
		C86E992C1C1BC55D00B08843 /* Info.plist */ = {isa = PBXFileReference; lastKnownFileType = text.plist.xml; path = Info.plist; sourceTree = "<group>"; };
		C86E99311C1BC55D00B08843 /* TBAMTests.xctest */ = {isa = PBXFileReference; explicitFileType = wrapper.cfbundle; includeInIndex = 0; path = TBAMTests.xctest; sourceTree = BUILT_PRODUCTS_DIR; };
		C86E99351C1BC55D00B08843 /* TBAMTests.swift */ = {isa = PBXFileReference; lastKnownFileType = sourcecode.swift; path = TBAMTests.swift; sourceTree = "<group>"; };
		C86E99371C1BC55D00B08843 /* Info.plist */ = {isa = PBXFileReference; lastKnownFileType = text.plist.xml; path = Info.plist; sourceTree = "<group>"; };
		C86E993C1C1BC55D00B08843 /* TBAMUITests.xctest */ = {isa = PBXFileReference; explicitFileType = wrapper.cfbundle; includeInIndex = 0; path = TBAMUITests.xctest; sourceTree = BUILT_PRODUCTS_DIR; };
		C86E99401C1BC55D00B08843 /* TBAMUITests.swift */ = {isa = PBXFileReference; lastKnownFileType = sourcecode.swift; path = TBAMUITests.swift; sourceTree = "<group>"; };
		C86E99421C1BC55D00B08843 /* Info.plist */ = {isa = PBXFileReference; lastKnownFileType = text.plist.xml; path = Info.plist; sourceTree = "<group>"; };
		C86E994E1C1BC74600B08843 /* HomeMenuCollectionViewCell.swift */ = {isa = PBXFileReference; fileEncoding = 4; lastKnownFileType = sourcecode.swift; path = HomeMenuCollectionViewCell.swift; sourceTree = "<group>"; };
		C86E99501C1BC7E500B08843 /* HomeMenuItem.swift */ = {isa = PBXFileReference; fileEncoding = 4; lastKnownFileType = sourcecode.swift; path = HomeMenuItem.swift; sourceTree = "<group>"; };
		C86E99521C1BC86400B08843 /* HomeViewController.swift */ = {isa = PBXFileReference; fileEncoding = 4; lastKnownFileType = sourcecode.swift; path = HomeViewController.swift; sourceTree = "<group>"; };
		C86E99541C1BCDC600B08843 /* WebViewController.swift */ = {isa = PBXFileReference; fileEncoding = 4; lastKnownFileType = sourcecode.swift; path = WebViewController.swift; sourceTree = "<group>"; };
		C8A95B131C232070007AC9AB /* CustomConfig.swift */ = {isa = PBXFileReference; fileEncoding = 4; lastKnownFileType = sourcecode.swift; path = CustomConfig.swift; sourceTree = "<group>"; };
		C8A95B151C2325DA007AC9AB /* SubmenuViewController.swift */ = {isa = PBXFileReference; fileEncoding = 4; lastKnownFileType = sourcecode.swift; path = SubmenuViewController.swift; sourceTree = "<group>"; };
		C8A95B171C232C40007AC9AB /* CustomViewController.swift */ = {isa = PBXFileReference; fileEncoding = 4; lastKnownFileType = sourcecode.swift; path = CustomViewController.swift; sourceTree = "<group>"; };
/* End PBXFileReference section */

/* Begin PBXFrameworksBuildPhase section */
		C86E991A1C1BC55D00B08843 /* Frameworks */ = {
			isa = PBXFrameworksBuildPhase;
			buildActionMask = 2147483647;
			files = (
			);
			runOnlyForDeploymentPostprocessing = 0;
		};
		C86E992E1C1BC55D00B08843 /* Frameworks */ = {
			isa = PBXFrameworksBuildPhase;
			buildActionMask = 2147483647;
			files = (
			);
			runOnlyForDeploymentPostprocessing = 0;
		};
		C86E99391C1BC55D00B08843 /* Frameworks */ = {
			isa = PBXFrameworksBuildPhase;
			buildActionMask = 2147483647;
			files = (
			);
			runOnlyForDeploymentPostprocessing = 0;
		};
/* End PBXFrameworksBuildPhase section */

/* Begin PBXGroup section */
		C82899151C234C97006D7AF1 /* Frameworks */ = {
			isa = PBXGroup;
			children = (
			);
			name = Frameworks;
			path = TBAM;
			sourceTree = "<group>";
		};
		C86E99141C1BC55D00B08843 = {
			isa = PBXGroup;
			children = (
				C86E991F1C1BC55D00B08843 /* TBAM */,
				C86E99341C1BC55D00B08843 /* TBAMTests */,
				C86E993F1C1BC55D00B08843 /* TBAMUITests */,
				C82899151C234C97006D7AF1 /* Frameworks */,
				C86E991E1C1BC55D00B08843 /* Products */,
			);
			sourceTree = "<group>";
		};
		C86E991E1C1BC55D00B08843 /* Products */ = {
			isa = PBXGroup;
			children = (
				C86E991D1C1BC55D00B08843 /* TBAM.app */,
				C86E99311C1BC55D00B08843 /* TBAMTests.xctest */,
				C86E993C1C1BC55D00B08843 /* TBAMUITests.xctest */,
			);
			name = Products;
			sourceTree = "<group>";
		};
		C86E991F1C1BC55D00B08843 /* TBAM */ = {
			isa = PBXGroup;
			children = (
				C86E99201C1BC55D00B08843 /* AppDelegate.swift */,
				C86E99521C1BC86400B08843 /* HomeViewController.swift */,
				C86E99501C1BC7E500B08843 /* HomeMenuItem.swift */,
				C86E994E1C1BC74600B08843 /* HomeMenuCollectionViewCell.swift */,
				C86E99541C1BCDC600B08843 /* WebViewController.swift */,
				C8A95B151C2325DA007AC9AB /* SubmenuViewController.swift */,
				C828990E1C234089006D7AF1 /* MapViewController.swift */,
				C8A95B171C232C40007AC9AB /* CustomViewController.swift */,
				C82899171C2350FE006D7AF1 /* CustomNavigationController.swift */,
				C8A95B131C232070007AC9AB /* CustomConfig.swift */,
				C86E99241C1BC55D00B08843 /* Main.storyboard */,
				C86E99291C1BC55D00B08843 /* LaunchScreen-TBAM.storyboard */,
				C866A3351CB8598B00C47C22 /* LaunchScreen-DallasJCC.storyboard */,
				C86E99271C1BC55D00B08843 /* Assets.xcassets */,
				C86E992C1C1BC55D00B08843 /* Info.plist */,
			);
			path = TBAM;
			sourceTree = "<group>";
		};
		C86E99341C1BC55D00B08843 /* TBAMTests */ = {
			isa = PBXGroup;
			children = (
				C86E99351C1BC55D00B08843 /* TBAMTests.swift */,
				C86E99371C1BC55D00B08843 /* Info.plist */,
			);
			path = TBAMTests;
			sourceTree = "<group>";
		};
		C86E993F1C1BC55D00B08843 /* TBAMUITests */ = {
			isa = PBXGroup;
			children = (
				C86E99401C1BC55D00B08843 /* TBAMUITests.swift */,
				C86E99421C1BC55D00B08843 /* Info.plist */,
			);
			path = TBAMUITests;
			sourceTree = "<group>";
		};
/* End PBXGroup section */

/* Begin PBXNativeTarget section */
		C86E991C1C1BC55D00B08843 /* TBAM */ = {
			isa = PBXNativeTarget;
			buildConfigurationList = C86E99451C1BC55D00B08843 /* Build configuration list for PBXNativeTarget "TBAM" */;
			buildPhases = (
				C86E99191C1BC55D00B08843 /* Sources */,
				C86E991A1C1BC55D00B08843 /* Frameworks */,
				C86E991B1C1BC55D00B08843 /* Resources */,
				C82899161C234D25006D7AF1 /* Run Script - Increment Build Number */,
				C82899101C234BEB006D7AF1 /* Run Script - Crashlytics */,
			);
			buildRules = (
			);
			dependencies = (
			);
			name = TBAM;
			productName = TBAM;
			productReference = C86E991D1C1BC55D00B08843 /* TBAM.app */;
			productType = "com.apple.product-type.application";
		};
		C86E99301C1BC55D00B08843 /* TBAMTests */ = {
			isa = PBXNativeTarget;
			buildConfigurationList = C86E99481C1BC55D00B08843 /* Build configuration list for PBXNativeTarget "TBAMTests" */;
			buildPhases = (
				C86E992D1C1BC55D00B08843 /* Sources */,
				C86E992E1C1BC55D00B08843 /* Frameworks */,
				C86E992F1C1BC55D00B08843 /* Resources */,
			);
			buildRules = (
			);
			dependencies = (
				C86E99331C1BC55D00B08843 /* PBXTargetDependency */,
			);
			name = TBAMTests;
			productName = TBAMTests;
			productReference = C86E99311C1BC55D00B08843 /* TBAMTests.xctest */;
			productType = "com.apple.product-type.bundle.unit-test";
		};
		C86E993B1C1BC55D00B08843 /* TBAMUITests */ = {
			isa = PBXNativeTarget;
			buildConfigurationList = C86E994B1C1BC55D00B08843 /* Build configuration list for PBXNativeTarget "TBAMUITests" */;
			buildPhases = (
				C86E99381C1BC55D00B08843 /* Sources */,
				C86E99391C1BC55D00B08843 /* Frameworks */,
				C86E993A1C1BC55D00B08843 /* Resources */,
			);
			buildRules = (
			);
			dependencies = (
				C86E993E1C1BC55D00B08843 /* PBXTargetDependency */,
			);
			name = TBAMUITests;
			productName = TBAMUITests;
			productReference = C86E993C1C1BC55D00B08843 /* TBAMUITests.xctest */;
			productType = "com.apple.product-type.bundle.ui-testing";
		};
/* End PBXNativeTarget section */

/* Begin PBXProject section */
		C86E99151C1BC55D00B08843 /* Project object */ = {
			isa = PBXProject;
			attributes = {
				LastSwiftUpdateCheck = 0720;
				LastUpgradeCheck = 0720;
				ORGANIZATIONNAME = "Blue Heron Labs LLC";
				TargetAttributes = {
					C86E991C1C1BC55D00B08843 = {
						CreatedOnToolsVersion = 7.2;
						DevelopmentTeam = 9ZWL894D73;
					};
					C86E99301C1BC55D00B08843 = {
						CreatedOnToolsVersion = 7.2;
						TestTargetID = C86E991C1C1BC55D00B08843;
					};
					C86E993B1C1BC55D00B08843 = {
						CreatedOnToolsVersion = 7.2;
						TestTargetID = C86E991C1C1BC55D00B08843;
					};
				};
			};
			buildConfigurationList = C86E99181C1BC55D00B08843 /* Build configuration list for PBXProject "TBAM" */;
			compatibilityVersion = "Xcode 3.2";
			developmentRegion = English;
			hasScannedForEncodings = 0;
			knownRegions = (
				en,
				Base,
			);
			mainGroup = C86E99141C1BC55D00B08843;
			productRefGroup = C86E991E1C1BC55D00B08843 /* Products */;
			projectDirPath = "";
			projectRoot = "";
			targets = (
				C86E991C1C1BC55D00B08843 /* TBAM */,
				C86E99301C1BC55D00B08843 /* TBAMTests */,
				C86E993B1C1BC55D00B08843 /* TBAMUITests */,
			);
		};
/* End PBXProject section */

/* Begin PBXResourcesBuildPhase section */
		C86E991B1C1BC55D00B08843 /* Resources */ = {
			isa = PBXResourcesBuildPhase;
			buildActionMask = 2147483647;
			files = (
				C86E992B1C1BC55D00B08843 /* LaunchScreen-TBAM.storyboard in Resources */,
				C86E99281C1BC55D00B08843 /* Assets.xcassets in Resources */,
				C86E99261C1BC55D00B08843 /* Main.storyboard in Resources */,
				C866A3371CB8598B00C47C22 /* LaunchScreen-DallasJCC.storyboard in Resources */,
			);
			runOnlyForDeploymentPostprocessing = 0;
		};
		C86E992F1C1BC55D00B08843 /* Resources */ = {
			isa = PBXResourcesBuildPhase;
			buildActionMask = 2147483647;
			files = (
			);
			runOnlyForDeploymentPostprocessing = 0;
		};
		C86E993A1C1BC55D00B08843 /* Resources */ = {
			isa = PBXResourcesBuildPhase;
			buildActionMask = 2147483647;
			files = (
			);
			runOnlyForDeploymentPostprocessing = 0;
		};
/* End PBXResourcesBuildPhase section */

/* Begin PBXShellScriptBuildPhase section */
		C82899101C234BEB006D7AF1 /* Run Script - Crashlytics */ = {
			isa = PBXShellScriptBuildPhase;
			buildActionMask = 2147483647;
			files = (
			);
			inputPaths = (
			);
			name = "Run Script - Crashlytics";
			outputPaths = (
			);
			runOnlyForDeploymentPostprocessing = 0;
			shellPath = /bin/sh;
			shellScript = "if [ $CONFIGURATION == xxRelease ] || [ $CONFIGURATION == xxBeta ]; then\n    ./Fabric.framework/run d03d04b0395452b04e90774ea53b935cef405eb7 d767ad446fdd8f7e76fe3da72e9a8a5899070cb3606e3274c4617ef467393407\nfi\n";
		};
		C82899161C234D25006D7AF1 /* Run Script - Increment Build Number */ = {
			isa = PBXShellScriptBuildPhase;
			buildActionMask = 2147483647;
			files = (
			);
			inputPaths = (
			);
			name = "Run Script - Increment Build Number";
			outputPaths = (
			);
			runOnlyForDeploymentPostprocessing = 0;
			shellPath = /bin/sh;
			shellScript = "if [ $CONFIGURATION == DallasJCC_Release ] || [ $CONFIGURATION == DallasJCC_Beta ] || [ $CONFIGURATION == TBAM_Release ] || [ $CONFIGURATION == TBAM_Beta ]; then\n    echo \"Bumping build number...\"\n    plist=${PROJECT_DIR}/${INFOPLIST_FILE}\n\n    # increment the build number (ie 115 to 116)\n    buildnum=$(/usr/libexec/PlistBuddy -c \"Print CFBundleVersion\" \"${plist}\")\n    if [[ \"${buildnum}\" == \"\" ]]; then\n        echo \"No build number in $plist\"\n        exit 2\n    fi\n\n    buildnum=$(expr $buildnum + 1)\n    /usr/libexec/Plistbuddy -c \"Set CFBundleVersion $buildnum\" \"${plist}\"\n    echo \"Bumped build number to $buildnum\"\nelse\n    echo $CONFIGURATION \" build - Not bumping build number.\"\nfi\n";
		};
/* End PBXShellScriptBuildPhase section */

/* Begin PBXSourcesBuildPhase section */
		C86E99191C1BC55D00B08843 /* Sources */ = {
			isa = PBXSourcesBuildPhase;
			buildActionMask = 2147483647;
			files = (
				C86E994F1C1BC74600B08843 /* HomeMenuCollectionViewCell.swift in Sources */,
				C86E99511C1BC7E500B08843 /* HomeMenuItem.swift in Sources */,
				C8A95B141C232070007AC9AB /* CustomConfig.swift in Sources */,
				C8A95B161C2325DA007AC9AB /* SubmenuViewController.swift in Sources */,
				C828990F1C234089006D7AF1 /* MapViewController.swift in Sources */,
				C86E99211C1BC55D00B08843 /* AppDelegate.swift in Sources */,
				C82899181C2350FE006D7AF1 /* CustomNavigationController.swift in Sources */,
				C86E99551C1BCDC600B08843 /* WebViewController.swift in Sources */,
				C86E99531C1BC86400B08843 /* HomeViewController.swift in Sources */,
				C8A95B181C232C40007AC9AB /* CustomViewController.swift in Sources */,
			);
			runOnlyForDeploymentPostprocessing = 0;
		};
		C86E992D1C1BC55D00B08843 /* Sources */ = {
			isa = PBXSourcesBuildPhase;
			buildActionMask = 2147483647;
			files = (
				C86E99361C1BC55D00B08843 /* TBAMTests.swift in Sources */,
			);
			runOnlyForDeploymentPostprocessing = 0;
		};
		C86E99381C1BC55D00B08843 /* Sources */ = {
			isa = PBXSourcesBuildPhase;
			buildActionMask = 2147483647;
			files = (
				C86E99411C1BC55D00B08843 /* TBAMUITests.swift in Sources */,
			);
			runOnlyForDeploymentPostprocessing = 0;
		};
/* End PBXSourcesBuildPhase section */

/* Begin PBXTargetDependency section */
		C86E99331C1BC55D00B08843 /* PBXTargetDependency */ = {
			isa = PBXTargetDependency;
			target = C86E991C1C1BC55D00B08843 /* TBAM */;
			targetProxy = C86E99321C1BC55D00B08843 /* PBXContainerItemProxy */;
		};
		C86E993E1C1BC55D00B08843 /* PBXTargetDependency */ = {
			isa = PBXTargetDependency;
			target = C86E991C1C1BC55D00B08843 /* TBAM */;
			targetProxy = C86E993D1C1BC55D00B08843 /* PBXContainerItemProxy */;
		};
/* End PBXTargetDependency section */

/* Begin PBXVariantGroup section */
		C866A3351CB8598B00C47C22 /* LaunchScreen-DallasJCC.storyboard */ = {
			isa = PBXVariantGroup;
			children = (
				C866A3361CB8598B00C47C22 /* Base */,
			);
			name = "LaunchScreen-DallasJCC.storyboard";
			sourceTree = "<group>";
		};
		C86E99241C1BC55D00B08843 /* Main.storyboard */ = {
			isa = PBXVariantGroup;
			children = (
				C86E99251C1BC55D00B08843 /* Base */,
			);
			name = Main.storyboard;
			sourceTree = "<group>";
		};
		C86E99291C1BC55D00B08843 /* LaunchScreen-TBAM.storyboard */ = {
			isa = PBXVariantGroup;
			children = (
				C86E992A1C1BC55D00B08843 /* Base */,
			);
			name = "LaunchScreen-TBAM.storyboard";
			sourceTree = "<group>";
		};
/* End PBXVariantGroup section */

/* Begin XCBuildConfiguration section */
		C866A32D1CB83EB200C47C22 /* DallasJCC_Release */ = {
			isa = XCBuildConfiguration;
			buildSettings = {
				ALWAYS_SEARCH_USER_PATHS = NO;
				CLANG_CXX_LANGUAGE_STANDARD = "gnu++0x";
				CLANG_CXX_LIBRARY = "libc++";
				CLANG_ENABLE_MODULES = YES;
				CLANG_ENABLE_OBJC_ARC = YES;
				CLANG_WARN_BOOL_CONVERSION = YES;
				CLANG_WARN_CONSTANT_CONVERSION = YES;
				CLANG_WARN_DIRECT_OBJC_ISA_USAGE = YES_ERROR;
				CLANG_WARN_EMPTY_BODY = YES;
				CLANG_WARN_ENUM_CONVERSION = YES;
				CLANG_WARN_INT_CONVERSION = YES;
				CLANG_WARN_OBJC_ROOT_CLASS = YES_ERROR;
				CLANG_WARN_UNREACHABLE_CODE = YES;
				CLANG_WARN__DUPLICATE_METHOD_MATCH = YES;
				"CODE_SIGN_IDENTITY[sdk=iphoneos*]" = "iPhone Developer";
				COPY_PHASE_STRIP = NO;
				DEBUG_INFORMATION_FORMAT = "dwarf-with-dsym";
				ENABLE_NS_ASSERTIONS = NO;
				ENABLE_STRICT_OBJC_MSGSEND = YES;
				GCC_C_LANGUAGE_STANDARD = gnu99;
				GCC_NO_COMMON_BLOCKS = YES;
				GCC_WARN_64_TO_32_BIT_CONVERSION = YES;
				GCC_WARN_ABOUT_RETURN_TYPE = YES_ERROR;
				GCC_WARN_UNDECLARED_SELECTOR = YES;
				GCC_WARN_UNINITIALIZED_AUTOS = YES_AGGRESSIVE;
				GCC_WARN_UNUSED_FUNCTION = YES;
				GCC_WARN_UNUSED_VARIABLE = YES;
				IPHONEOS_DEPLOYMENT_TARGET = 9.2;
				MTL_ENABLE_DEBUG_INFO = NO;
				SDKROOT = iphoneos;
				TARGETED_DEVICE_FAMILY = "1,2";
				VALIDATE_PRODUCT = YES;
			};
			name = DallasJCC_Release;
		};
		C866A32E1CB83EB200C47C22 /* DallasJCC_Release */ = {
			isa = XCBuildConfiguration;
			buildSettings = {
				ASSETCATALOG_COMPILER_APPICON_NAME = "DallasJCC-AppIcon";
				BUNDLE_DISPLAY_NAME = "Dallas JCC";
				CODE_SIGN_IDENTITY = "iPhone Distribution: Accrisoft Corporation (9ZWL894D73)";
				"CODE_SIGN_IDENTITY[sdk=iphoneos*]" = "iPhone Distribution: Accrisoft Corporation (9ZWL894D73)";
				FRAMEWORK_SEARCH_PATHS = (
					"$(inherited)",
					"$(PROJECT_DIR)",
				);
				INFOPLIST_FILE = TBAM/Info.plist;
				IPHONEOS_DEPLOYMENT_TARGET = 8.0;
				LAUNCH_SCREEN_STORYBOARD = "LaunchScreen-DallasJCC";
				LD_RUNPATH_SEARCH_PATHS = "$(inherited) @executable_path/Frameworks";
				OTHER_SWIFT_FLAGS = "-D DALLASJCC_RELEASE -D BHAPPANALYZER_ANSWERS";
				"OTHER_SWIFT_FLAGS[arch=*]" = "";
				PRODUCT_BUNDLE_IDENTIFIER = com.accrisoft.appbuilder.dallasjcc.ios;
				PRODUCT_MODULE_NAME = "$(PRODUCT_NAME:c99extidentifier)";
				PRODUCT_NAME = "Dallas JCC";
				PROVISIONING_PROFILE = "46d74b8a-4ed3-494d-b134-3cd74a513903";
			};
			name = DallasJCC_Release;
		};
		C866A32F1CB83EB200C47C22 /* DallasJCC_Release */ = {
			isa = XCBuildConfiguration;
			buildSettings = {
				BUNDLE_LOADER = "$(TEST_HOST)";
				INFOPLIST_FILE = TBAMTests/Info.plist;
				LD_RUNPATH_SEARCH_PATHS = "$(inherited) @executable_path/Frameworks @loader_path/Frameworks";
				PRODUCT_BUNDLE_IDENTIFIER = net.blueheronlabs.TBAMTests;
				PRODUCT_NAME = "$(TARGET_NAME)";
				TEST_HOST = "$(BUILT_PRODUCTS_DIR)/TBAM.app/TBAM";
			};
			name = DallasJCC_Release;
		};
		C866A3301CB83EB200C47C22 /* DallasJCC_Release */ = {
			isa = XCBuildConfiguration;
			buildSettings = {
				INFOPLIST_FILE = TBAMUITests/Info.plist;
				LD_RUNPATH_SEARCH_PATHS = "$(inherited) @executable_path/Frameworks @loader_path/Frameworks";
				PRODUCT_BUNDLE_IDENTIFIER = net.blueheronlabs.TBAMUITests;
				PRODUCT_NAME = "$(TARGET_NAME)";
				TEST_TARGET_NAME = TBAM;
				USES_XCTRUNNER = YES;
			};
			name = DallasJCC_Release;
		};
		C866A3311CB83ECC00C47C22 /* DallasJCC_Debug */ = {
			isa = XCBuildConfiguration;
			buildSettings = {
				ALWAYS_SEARCH_USER_PATHS = NO;
				CLANG_CXX_LANGUAGE_STANDARD = "gnu++0x";
				CLANG_CXX_LIBRARY = "libc++";
				CLANG_ENABLE_MODULES = YES;
				CLANG_ENABLE_OBJC_ARC = YES;
				CLANG_WARN_BOOL_CONVERSION = YES;
				CLANG_WARN_CONSTANT_CONVERSION = YES;
				CLANG_WARN_DIRECT_OBJC_ISA_USAGE = YES_ERROR;
				CLANG_WARN_EMPTY_BODY = YES;
				CLANG_WARN_ENUM_CONVERSION = YES;
				CLANG_WARN_INT_CONVERSION = YES;
				CLANG_WARN_OBJC_ROOT_CLASS = YES_ERROR;
				CLANG_WARN_UNREACHABLE_CODE = YES;
				CLANG_WARN__DUPLICATE_METHOD_MATCH = YES;
				"CODE_SIGN_IDENTITY[sdk=iphoneos*]" = "iPhone Developer";
				COPY_PHASE_STRIP = NO;
				DEBUG_INFORMATION_FORMAT = dwarf;
				ENABLE_STRICT_OBJC_MSGSEND = YES;
				ENABLE_TESTABILITY = YES;
				GCC_C_LANGUAGE_STANDARD = gnu99;
				GCC_DYNAMIC_NO_PIC = NO;
				GCC_NO_COMMON_BLOCKS = YES;
				GCC_OPTIMIZATION_LEVEL = 0;
				GCC_PREPROCESSOR_DEFINITIONS = (
					"DEBUG=1",
					"$(inherited)",
				);
				GCC_WARN_64_TO_32_BIT_CONVERSION = YES;
				GCC_WARN_ABOUT_RETURN_TYPE = YES_ERROR;
				GCC_WARN_UNDECLARED_SELECTOR = YES;
				GCC_WARN_UNINITIALIZED_AUTOS = YES_AGGRESSIVE;
				GCC_WARN_UNUSED_FUNCTION = YES;
				GCC_WARN_UNUSED_VARIABLE = YES;
				IPHONEOS_DEPLOYMENT_TARGET = 9.2;
				MTL_ENABLE_DEBUG_INFO = YES;
				ONLY_ACTIVE_ARCH = YES;
				SDKROOT = iphoneos;
				SWIFT_OPTIMIZATION_LEVEL = "-Onone";
				TARGETED_DEVICE_FAMILY = "1,2";
			};
			name = DallasJCC_Debug;
		};
		C866A3321CB83ECC00C47C22 /* DallasJCC_Debug */ = {
			isa = XCBuildConfiguration;
			buildSettings = {
				ASSETCATALOG_COMPILER_APPICON_NAME = "DallasJCC-AppIcon";
				BUNDLE_DISPLAY_NAME = "Dallas JCC Ω";
				CODE_SIGN_IDENTITY = "iPhone Developer";
				"CODE_SIGN_IDENTITY[sdk=iphoneos*]" = "iPhone Developer";
				FRAMEWORK_SEARCH_PATHS = (
					"$(inherited)",
					"$(PROJECT_DIR)",
				);
				INFOPLIST_FILE = TBAM/Info.plist;
				IPHONEOS_DEPLOYMENT_TARGET = 8.0;
				LAUNCH_SCREEN_STORYBOARD = "LaunchScreen-DallasJCC";
				LD_RUNPATH_SEARCH_PATHS = "$(inherited) @executable_path/Frameworks";
				OTHER_SWIFT_FLAGS = "-D DALLASJCC_DEBUG -D DEBUG";
				PRODUCT_BUNDLE_IDENTIFIER = com.accrisoft.appbuilder.dallasjcc.ios.alpha;
				PRODUCT_MODULE_NAME = "$(PRODUCT_NAME:c99extidentifier)";
				PRODUCT_NAME = "Dallas JCC";
				PROVISIONING_PROFILE = "";
			};
			name = DallasJCC_Debug;
		};
		C866A3331CB83ECC00C47C22 /* DallasJCC_Debug */ = {
			isa = XCBuildConfiguration;
			buildSettings = {
				BUNDLE_LOADER = "$(TEST_HOST)";
				INFOPLIST_FILE = TBAMTests/Info.plist;
				LD_RUNPATH_SEARCH_PATHS = "$(inherited) @executable_path/Frameworks @loader_path/Frameworks";
				PRODUCT_BUNDLE_IDENTIFIER = net.blueheronlabs.TBAMTests;
				PRODUCT_NAME = "$(TARGET_NAME)";
				TEST_HOST = "$(BUILT_PRODUCTS_DIR)/TBAM.app/TBAM";
			};
			name = DallasJCC_Debug;
		};
		C866A3341CB83ECC00C47C22 /* DallasJCC_Debug */ = {
			isa = XCBuildConfiguration;
			buildSettings = {
				INFOPLIST_FILE = TBAMUITests/Info.plist;
				LD_RUNPATH_SEARCH_PATHS = "$(inherited) @executable_path/Frameworks @loader_path/Frameworks";
				PRODUCT_BUNDLE_IDENTIFIER = net.blueheronlabs.TBAMUITests;
				PRODUCT_NAME = "$(TARGET_NAME)";
				TEST_TARGET_NAME = TBAM;
				USES_XCTRUNNER = YES;
			};
			name = DallasJCC_Debug;
		};
		C86E99431C1BC55D00B08843 /* TBAM_Debug */ = {
			isa = XCBuildConfiguration;
			buildSettings = {
				ALWAYS_SEARCH_USER_PATHS = NO;
				CLANG_CXX_LANGUAGE_STANDARD = "gnu++0x";
				CLANG_CXX_LIBRARY = "libc++";
				CLANG_ENABLE_MODULES = YES;
				CLANG_ENABLE_OBJC_ARC = YES;
				CLANG_WARN_BOOL_CONVERSION = YES;
				CLANG_WARN_CONSTANT_CONVERSION = YES;
				CLANG_WARN_DIRECT_OBJC_ISA_USAGE = YES_ERROR;
				CLANG_WARN_EMPTY_BODY = YES;
				CLANG_WARN_ENUM_CONVERSION = YES;
				CLANG_WARN_INT_CONVERSION = YES;
				CLANG_WARN_OBJC_ROOT_CLASS = YES_ERROR;
				CLANG_WARN_UNREACHABLE_CODE = YES;
				CLANG_WARN__DUPLICATE_METHOD_MATCH = YES;
				"CODE_SIGN_IDENTITY[sdk=iphoneos*]" = "iPhone Developer";
				COPY_PHASE_STRIP = NO;
				DEBUG_INFORMATION_FORMAT = dwarf;
				ENABLE_STRICT_OBJC_MSGSEND = YES;
				ENABLE_TESTABILITY = YES;
				GCC_C_LANGUAGE_STANDARD = gnu99;
				GCC_DYNAMIC_NO_PIC = NO;
				GCC_NO_COMMON_BLOCKS = YES;
				GCC_OPTIMIZATION_LEVEL = 0;
				GCC_PREPROCESSOR_DEFINITIONS = (
					"DEBUG=1",
					"$(inherited)",
				);
				GCC_WARN_64_TO_32_BIT_CONVERSION = YES;
				GCC_WARN_ABOUT_RETURN_TYPE = YES_ERROR;
				GCC_WARN_UNDECLARED_SELECTOR = YES;
				GCC_WARN_UNINITIALIZED_AUTOS = YES_AGGRESSIVE;
				GCC_WARN_UNUSED_FUNCTION = YES;
				GCC_WARN_UNUSED_VARIABLE = YES;
				IPHONEOS_DEPLOYMENT_TARGET = 9.2;
				MTL_ENABLE_DEBUG_INFO = YES;
				ONLY_ACTIVE_ARCH = YES;
				SDKROOT = iphoneos;
				SWIFT_OPTIMIZATION_LEVEL = "-Onone";
				TARGETED_DEVICE_FAMILY = "1,2";
			};
			name = TBAM_Debug;
		};
		C86E99441C1BC55D00B08843 /* TBAM_Release */ = {
			isa = XCBuildConfiguration;
			buildSettings = {
				ALWAYS_SEARCH_USER_PATHS = NO;
				CLANG_CXX_LANGUAGE_STANDARD = "gnu++0x";
				CLANG_CXX_LIBRARY = "libc++";
				CLANG_ENABLE_MODULES = YES;
				CLANG_ENABLE_OBJC_ARC = YES;
				CLANG_WARN_BOOL_CONVERSION = YES;
				CLANG_WARN_CONSTANT_CONVERSION = YES;
				CLANG_WARN_DIRECT_OBJC_ISA_USAGE = YES_ERROR;
				CLANG_WARN_EMPTY_BODY = YES;
				CLANG_WARN_ENUM_CONVERSION = YES;
				CLANG_WARN_INT_CONVERSION = YES;
				CLANG_WARN_OBJC_ROOT_CLASS = YES_ERROR;
				CLANG_WARN_UNREACHABLE_CODE = YES;
				CLANG_WARN__DUPLICATE_METHOD_MATCH = YES;
				"CODE_SIGN_IDENTITY[sdk=iphoneos*]" = "iPhone Developer";
				COPY_PHASE_STRIP = NO;
				DEBUG_INFORMATION_FORMAT = "dwarf-with-dsym";
				ENABLE_NS_ASSERTIONS = NO;
				ENABLE_STRICT_OBJC_MSGSEND = YES;
				GCC_C_LANGUAGE_STANDARD = gnu99;
				GCC_NO_COMMON_BLOCKS = YES;
				GCC_WARN_64_TO_32_BIT_CONVERSION = YES;
				GCC_WARN_ABOUT_RETURN_TYPE = YES_ERROR;
				GCC_WARN_UNDECLARED_SELECTOR = YES;
				GCC_WARN_UNINITIALIZED_AUTOS = YES_AGGRESSIVE;
				GCC_WARN_UNUSED_FUNCTION = YES;
				GCC_WARN_UNUSED_VARIABLE = YES;
				IPHONEOS_DEPLOYMENT_TARGET = 9.2;
				MTL_ENABLE_DEBUG_INFO = NO;
				SDKROOT = iphoneos;
				TARGETED_DEVICE_FAMILY = "1,2";
				VALIDATE_PRODUCT = YES;
			};
			name = TBAM_Release;
		};
		C86E99461C1BC55D00B08843 /* TBAM_Debug */ = {
			isa = XCBuildConfiguration;
			buildSettings = {
				ASSETCATALOG_COMPILER_APPICON_NAME = "TBAM-AppIcon-alpha";
				BUNDLE_DISPLAY_NAME = "TBAM Ω";
				CODE_SIGN_IDENTITY = "iPhone Developer";
				"CODE_SIGN_IDENTITY[sdk=iphoneos*]" = "iPhone Developer";
				FRAMEWORK_SEARCH_PATHS = (
					"$(inherited)",
					"$(PROJECT_DIR)",
				);
				INFOPLIST_FILE = TBAM/Info.plist;
				IPHONEOS_DEPLOYMENT_TARGET = 8.0;
				LAUNCH_SCREEN_STORYBOARD = "LaunchScreen-TBAM";
				LD_RUNPATH_SEARCH_PATHS = "$(inherited) @executable_path/Frameworks";
				OTHER_SWIFT_FLAGS = "-D TBAM_DEBUG -D DEBUG";
				PRODUCT_BUNDLE_IDENTIFIER = com.accrisoft.TBAM.alpha;
				PRODUCT_NAME = TBAM;
				PROVISIONING_PROFILE = "";
			};
			name = TBAM_Debug;
		};
		C86E99471C1BC55D00B08843 /* TBAM_Release */ = {
			isa = XCBuildConfiguration;
			buildSettings = {
				ASSETCATALOG_COMPILER_APPICON_NAME = "TBAM-AppIcon";
				BUNDLE_DISPLAY_NAME = TBAM;
				CODE_SIGN_IDENTITY = "iPhone Distribution: Accrisoft Corporation (9ZWL894D73)";
				"CODE_SIGN_IDENTITY[sdk=iphoneos*]" = "iPhone Distribution: Accrisoft Corporation (9ZWL894D73)";
				FRAMEWORK_SEARCH_PATHS = (
					"$(inherited)",
					"$(PROJECT_DIR)",
				);
				INFOPLIST_FILE = TBAM/Info.plist;
				IPHONEOS_DEPLOYMENT_TARGET = 8.0;
				LAUNCH_SCREEN_STORYBOARD = "LaunchScreen-TBAM";
				LD_RUNPATH_SEARCH_PATHS = "$(inherited) @executable_path/Frameworks";
				OTHER_SWIFT_FLAGS = "-D TBAM_RELEASE -D BHAPPANALYZER_ANSWERS";
				"OTHER_SWIFT_FLAGS[arch=*]" = "";
				PRODUCT_BUNDLE_IDENTIFIER = com.accrisoft.TBAM;
				PRODUCT_NAME = TBAM;
				PROVISIONING_PROFILE = "b15519bb-8380-44ee-9278-fb1fd003b402";
			};
			name = TBAM_Release;
		};
		C86E99491C1BC55D00B08843 /* TBAM_Debug */ = {
			isa = XCBuildConfiguration;
			buildSettings = {
				BUNDLE_LOADER = "$(TEST_HOST)";
				INFOPLIST_FILE = TBAMTests/Info.plist;
				LD_RUNPATH_SEARCH_PATHS = "$(inherited) @executable_path/Frameworks @loader_path/Frameworks";
				PRODUCT_BUNDLE_IDENTIFIER = net.blueheronlabs.TBAMTests;
				PRODUCT_NAME = "$(TARGET_NAME)";
				TEST_HOST = "$(BUILT_PRODUCTS_DIR)/TBAM.app/TBAM";
			};
			name = TBAM_Debug;
		};
		C86E994A1C1BC55D00B08843 /* TBAM_Release */ = {
			isa = XCBuildConfiguration;
			buildSettings = {
				BUNDLE_LOADER = "$(TEST_HOST)";
				INFOPLIST_FILE = TBAMTests/Info.plist;
				LD_RUNPATH_SEARCH_PATHS = "$(inherited) @executable_path/Frameworks @loader_path/Frameworks";
				PRODUCT_BUNDLE_IDENTIFIER = net.blueheronlabs.TBAMTests;
				PRODUCT_NAME = "$(TARGET_NAME)";
				TEST_HOST = "$(BUILT_PRODUCTS_DIR)/TBAM.app/TBAM";
			};
			name = TBAM_Release;
		};
		C86E994C1C1BC55D00B08843 /* TBAM_Debug */ = {
			isa = XCBuildConfiguration;
			buildSettings = {
				INFOPLIST_FILE = TBAMUITests/Info.plist;
				LD_RUNPATH_SEARCH_PATHS = "$(inherited) @executable_path/Frameworks @loader_path/Frameworks";
				PRODUCT_BUNDLE_IDENTIFIER = net.blueheronlabs.TBAMUITests;
				PRODUCT_NAME = "$(TARGET_NAME)";
				TEST_TARGET_NAME = TBAM;
				USES_XCTRUNNER = YES;
			};
			name = TBAM_Debug;
		};
		C86E994D1C1BC55D00B08843 /* TBAM_Release */ = {
			isa = XCBuildConfiguration;
			buildSettings = {
				INFOPLIST_FILE = TBAMUITests/Info.plist;
				LD_RUNPATH_SEARCH_PATHS = "$(inherited) @executable_path/Frameworks @loader_path/Frameworks";
				PRODUCT_BUNDLE_IDENTIFIER = net.blueheronlabs.TBAMUITests;
				PRODUCT_NAME = "$(TARGET_NAME)";
				TEST_TARGET_NAME = TBAM;
				USES_XCTRUNNER = YES;
			};
			name = TBAM_Release;
		};
/* End XCBuildConfiguration section */

/* Begin XCConfigurationList section */
		C86E99181C1BC55D00B08843 /* Build configuration list for PBXProject "TBAM" */ = {
			isa = XCConfigurationList;
			buildConfigurations = (
				C86E99431C1BC55D00B08843 /* TBAM_Debug */,
				C866A3311CB83ECC00C47C22 /* DallasJCC_Debug */,
				C86E99441C1BC55D00B08843 /* TBAM_Release */,
				C866A32D1CB83EB200C47C22 /* DallasJCC_Release */,
			);
			defaultConfigurationIsVisible = 0;
			defaultConfigurationName = TBAM_Release;
		};
		C86E99451C1BC55D00B08843 /* Build configuration list for PBXNativeTarget "TBAM" */ = {
			isa = XCConfigurationList;
			buildConfigurations = (
				C86E99461C1BC55D00B08843 /* TBAM_Debug */,
				C866A3321CB83ECC00C47C22 /* DallasJCC_Debug */,
				C86E99471C1BC55D00B08843 /* TBAM_Release */,
				C866A32E1CB83EB200C47C22 /* DallasJCC_Release */,
			);
			defaultConfigurationIsVisible = 0;
			defaultConfigurationName = TBAM_Release;
		};
		C86E99481C1BC55D00B08843 /* Build configuration list for PBXNativeTarget "TBAMTests" */ = {
			isa = XCConfigurationList;
			buildConfigurations = (
				C86E99491C1BC55D00B08843 /* TBAM_Debug */,
				C866A3331CB83ECC00C47C22 /* DallasJCC_Debug */,
				C86E994A1C1BC55D00B08843 /* TBAM_Release */,
				C866A32F1CB83EB200C47C22 /* DallasJCC_Release */,
			);
			defaultConfigurationIsVisible = 0;
			defaultConfigurationName = TBAM_Release;
		};
		C86E994B1C1BC55D00B08843 /* Build configuration list for PBXNativeTarget "TBAMUITests" */ = {
			isa = XCConfigurationList;
			buildConfigurations = (
				C86E994C1C1BC55D00B08843 /* TBAM_Debug */,
				C866A3341CB83ECC00C47C22 /* DallasJCC_Debug */,
				C86E994D1C1BC55D00B08843 /* TBAM_Release */,
				C866A3301CB83EB200C47C22 /* DallasJCC_Release */,
			);
			defaultConfigurationIsVisible = 0;
			defaultConfigurationName = TBAM_Release;
		};
/* End XCConfigurationList section */
	};
	rootObject = C86E99151C1BC55D00B08843 /* Project object */;
}
